
Microsoft Visual Studio Solution File, Format Version 12.00
# Visual Studio 14
VisualStudioVersion = 14.0.22823.1
MinimumVisualStudioVersion = 10.0.40219.1
Project("{FAE04EC0-301F-11D3-BF4B-00C04F79EFBC}") = "UserInfo", "UserInfo\UserInfo.csproj", "{5D11A316-902B-451F-93A4-21902FE7A6A7}"
EndProject
Global
	GlobalSection(SolutionConfigurationPlatforms) = preSolution
		Debug|Any CPU = Debug|Any CPU
		Release|Any CPU = Release|Any CPU
	EndGlobalSection
	GlobalSection(ProjectConfigurationPlatforms) = postSolution
		{5D11A316-902B-451F-93A4-21902FE7A6A7}.Debug|Any CPU.ActiveCfg = Debug|Any CPU
		{5D11A316-902B-451F-93A4-21902FE7A6A7}.Debug|Any CPU.Build.0 = Debug|Any CPU
		{5D11A316-902B-451F-93A4-21902FE7A6A7}.Release|Any CPU.ActiveCfg = Release|Any CPU
		{5D11A316-902B-451F-93A4-21902FE7A6A7}.Release|Any CPU.Build.0 = Release|Any CPU
	EndGlobalSection
	GlobalSection(SolutionProperties) = preSolution
		HideSolutionNode = FALSE
	EndGlobalSection
EndGlobal
